
Microsoft Visual Studio Solution File, Format Version 12.00
# Visual Studio 15
VisualStudioVersion = 15.0.28307.438
MinimumVisualStudioVersion = 10.0.40219.1
Project("{FAE04EC0-301F-11D3-BF4B-00C04F79EFBC}") = "RegistrationApi", "RegistrationApi\RegistrationApi.csproj", "{240C9030-2CC1-4BC1-8D32-908C07A81ABE}"
EndProject
Global
	GlobalSection(SolutionConfigurationPlatforms) = preSolution
		Debug|Any CPU = Debug|Any CPU
		Release|Any CPU = Release|Any CPU
	EndGlobalSection
	GlobalSection(ProjectConfigurationPlatforms) = postSolution
		{240C9030-2CC1-4BC1-8D32-908C07A81ABE}.Debug|Any CPU.ActiveCfg = Debug|Any CPU
		{240C9030-2CC1-4BC1-8D32-908C07A81ABE}.Debug|Any CPU.Build.0 = Debug|Any CPU
		{240C9030-2CC1-4BC1-8D32-908C07A81ABE}.Release|Any CPU.ActiveCfg = Release|Any CPU
		{240C9030-2CC1-4BC1-8D32-908C07A81ABE}.Release|Any CPU.Build.0 = Release|Any CPU
	EndGlobalSection
	GlobalSection(SolutionProperties) = preSolution
		HideSolutionNode = FALSE
	EndGlobalSection
	GlobalSection(ExtensibilityGlobals) = postSolution
		SolutionGuid = {F70384ED-7E14-4A45-BC4B-B48107A5D75A}
	EndGlobalSection
EndGlobal
